
Microsoft Visual Studio Solution File, Format Version 11.00
# Visual Studio 2010
Project("{F184B08F-C81C-45F6-A57F-5ABD9991F28F}") = "cs50finalproj", "cs50finalproj\cs50finalproj.vbproj", "{C49281A9-2E63-4EE7-8F93-51FC875A202F}"
EndProject
Global
	GlobalSection(SolutionConfigurationPlatforms) = preSolution
		Debug|Any CPU = Debug|Any CPU
		Release|Any CPU = Release|Any CPU
	EndGlobalSection
	GlobalSection(ProjectConfigurationPlatforms) = postSolution
		{C49281A9-2E63-4EE7-8F93-51FC875A202F}.Debug|Any CPU.ActiveCfg = Debug|Any CPU
		{C49281A9-2E63-4EE7-8F93-51FC875A202F}.Debug|Any CPU.Build.0 = Debug|Any CPU
		{C49281A9-2E63-4EE7-8F93-51FC875A202F}.Release|Any CPU.ActiveCfg = Release|Any CPU
		{C49281A9-2E63-4EE7-8F93-51FC875A202F}.Release|Any CPU.Build.0 = Release|Any CPU
	EndGlobalSection
	GlobalSection(SolutionProperties) = preSolution
		HideSolutionNode = FALSE
	EndGlobalSection
EndGlobal
